
Microsoft Visual Studio Solution File, Format Version 12.00
# Visual Studio Version 17
VisualStudioVersion = 17.9.34714.143
MinimumVisualStudioVersion = 10.0.40219.1
Project("{FAE04EC0-301F-11D3-BF4B-00C04F79EFBC}") = "Nezerye 1", "Nezerye 1\Nezerye 1.csproj", "{D99C75E9-465D-4AC9-A63E-22E7CE38051F}"
EndProject
Global
	GlobalSection(SolutionConfigurationPlatforms) = preSolution
		Debug|Any CPU = Debug|Any CPU
		Release|Any CPU = Release|Any CPU
	EndGlobalSection
	GlobalSection(ProjectConfigurationPlatforms) = postSolution
		{D99C75E9-465D-4AC9-A63E-22E7CE38051F}.Debug|Any CPU.ActiveCfg = Debug|Any CPU
		{D99C75E9-465D-4AC9-A63E-22E7CE38051F}.Debug|Any CPU.Build.0 = Debug|Any CPU
		{D99C75E9-465D-4AC9-A63E-22E7CE38051F}.Release|Any CPU.ActiveCfg = Release|Any CPU
		{D99C75E9-465D-4AC9-A63E-22E7CE38051F}.Release|Any CPU.Build.0 = Release|Any CPU
	EndGlobalSection
	GlobalSection(SolutionProperties) = preSolution
		HideSolutionNode = FALSE
	EndGlobalSection
	GlobalSection(ExtensibilityGlobals) = postSolution
		SolutionGuid = {00907544-B1A9-45BD-9FD6-7C9442FD5D84}
	EndGlobalSection
EndGlobal
